
Microsoft Visual Studio Solution File, Format Version 12.00
# Visual Studio Version 16
VisualStudioVersion = 16.0.30523.141
MinimumVisualStudioVersion = 10.0.40219.1
Project("{FAE04EC0-301F-11D3-BF4B-00C04F79EFBC}") = "01. Scheduling", "01. Scheduling\01. Scheduling.csproj", "{1D034AC9-5DEE-4FFA-B99D-5889074ADFDA}"
EndProject
Project("{FAE04EC0-301F-11D3-BF4B-00C04F79EFBC}") = "02. Garden", "02. Garden\02. Garden.csproj", "{63FB0F53-CB59-4D6E-BB82-29349F089F23}"
EndProject
Project("{FAE04EC0-301F-11D3-BF4B-00C04F79EFBC}") = "03. Classroom", "03. Classroom\03. Classroom.csproj", "{D9CCCE30-CD50-417A-B570-24563BD6A681}"
EndProject
Global
	GlobalSection(SolutionConfigurationPlatforms) = preSolution
		Debug|Any CPU = Debug|Any CPU
		Release|Any CPU = Release|Any CPU
	EndGlobalSection
	GlobalSection(ProjectConfigurationPlatforms) = postSolution
		{1D034AC9-5DEE-4FFA-B99D-5889074ADFDA}.Debug|Any CPU.ActiveCfg = Debug|Any CPU
		{1D034AC9-5DEE-4FFA-B99D-5889074ADFDA}.Debug|Any CPU.Build.0 = Debug|Any CPU
		{1D034AC9-5DEE-4FFA-B99D-5889074ADFDA}.Release|Any CPU.ActiveCfg = Release|Any CPU
		{1D034AC9-5DEE-4FFA-B99D-5889074ADFDA}.Release|Any CPU.Build.0 = Release|Any CPU
		{63FB0F53-CB59-4D6E-BB82-29349F089F23}.Debug|Any CPU.ActiveCfg = Debug|Any CPU
		{63FB0F53-CB59-4D6E-BB82-29349F089F23}.Debug|Any CPU.Build.0 = Debug|Any CPU
		{63FB0F53-CB59-4D6E-BB82-29349F089F23}.Release|Any CPU.ActiveCfg = Release|Any CPU
		{63FB0F53-CB59-4D6E-BB82-29349F089F23}.Release|Any CPU.Build.0 = Release|Any CPU
		{D9CCCE30-CD50-417A-B570-24563BD6A681}.Debug|Any CPU.ActiveCfg = Debug|Any CPU
		{D9CCCE30-CD50-417A-B570-24563BD6A681}.Debug|Any CPU.Build.0 = Debug|Any CPU
		{D9CCCE30-CD50-417A-B570-24563BD6A681}.Release|Any CPU.ActiveCfg = Release|Any CPU
		{D9CCCE30-CD50-417A-B570-24563BD6A681}.Release|Any CPU.Build.0 = Release|Any CPU
	EndGlobalSection
	GlobalSection(SolutionProperties) = preSolution
		HideSolutionNode = FALSE
	EndGlobalSection
	GlobalSection(ExtensibilityGlobals) = postSolution
		SolutionGuid = {53B68B32-DB69-42FD-86D1-2607F44EC6AE}
	EndGlobalSection
EndGlobal
