
Microsoft Visual Studio Solution File, Format Version 12.00
# Visual Studio Version 16
VisualStudioVersion = 16.0.30413.136
MinimumVisualStudioVersion = 10.0.40219.1
Project("{FAE04EC0-301F-11D3-BF4B-00C04F79EFBC}") = "01. Count Same Values in Array", "01. Count Same Values in Array\01. Count Same Values in Array.csproj", "{CE71650C-4570-42A5-9374-5BB32A4EDD3B}"
EndProject
Project("{FAE04EC0-301F-11D3-BF4B-00C04F79EFBC}") = "02. Average Student Grades", "02. Average Student Grades\02. Average Student Grades.csproj", "{7EA07A12-418E-41E3-B0DA-9D9814D265CD}"
EndProject
Project("{FAE04EC0-301F-11D3-BF4B-00C04F79EFBC}") = "03. Product Shop", "03. Product Shop\03. Product Shop.csproj", "{BDC2B630-C0A7-4713-896B-DEE53B19A4F5}"
EndProject
Project("{FAE04EC0-301F-11D3-BF4B-00C04F79EFBC}") = "04. Cities by Continent and Country", "04. Cities by Continent and Country\04. Cities by Continent and Country.csproj", "{3767CEB8-84A7-4045-B05D-C413724E1B34}"
EndProject
Project("{FAE04EC0-301F-11D3-BF4B-00C04F79EFBC}") = "05. Record Unique Names", "05. Record Unique Names\05. Record Unique Names.csproj", "{D06784C4-B67C-4247-AA21-65B4FB60A2CA}"
EndProject
Project("{FAE04EC0-301F-11D3-BF4B-00C04F79EFBC}") = "06. Parking Lot", "06. Parking Lot\06. Parking Lot.csproj", "{6CD769BA-6E50-4A99-B771-AF2DCD52A878}"
EndProject
Project("{FAE04EC0-301F-11D3-BF4B-00C04F79EFBC}") = "07. SoftUni Party", "07. SoftUni Party\07. SoftUni Party.csproj", "{6E3C9636-F0AB-4EC4-A331-660322C150A2}"
EndProject
Global
	GlobalSection(SolutionConfigurationPlatforms) = preSolution
		Debug|Any CPU = Debug|Any CPU
		Release|Any CPU = Release|Any CPU
	EndGlobalSection
	GlobalSection(ProjectConfigurationPlatforms) = postSolution
		{CE71650C-4570-42A5-9374-5BB32A4EDD3B}.Debug|Any CPU.ActiveCfg = Debug|Any CPU
		{CE71650C-4570-42A5-9374-5BB32A4EDD3B}.Debug|Any CPU.Build.0 = Debug|Any CPU
		{CE71650C-4570-42A5-9374-5BB32A4EDD3B}.Release|Any CPU.ActiveCfg = Release|Any CPU
		{CE71650C-4570-42A5-9374-5BB32A4EDD3B}.Release|Any CPU.Build.0 = Release|Any CPU
		{7EA07A12-418E-41E3-B0DA-9D9814D265CD}.Debug|Any CPU.ActiveCfg = Debug|Any CPU
		{7EA07A12-418E-41E3-B0DA-9D9814D265CD}.Debug|Any CPU.Build.0 = Debug|Any CPU
		{7EA07A12-418E-41E3-B0DA-9D9814D265CD}.Release|Any CPU.ActiveCfg = Release|Any CPU
		{7EA07A12-418E-41E3-B0DA-9D9814D265CD}.Release|Any CPU.Build.0 = Release|Any CPU
		{BDC2B630-C0A7-4713-896B-DEE53B19A4F5}.Debug|Any CPU.ActiveCfg = Debug|Any CPU
		{BDC2B630-C0A7-4713-896B-DEE53B19A4F5}.Debug|Any CPU.Build.0 = Debug|Any CPU
		{BDC2B630-C0A7-4713-896B-DEE53B19A4F5}.Release|Any CPU.ActiveCfg = Release|Any CPU
		{BDC2B630-C0A7-4713-896B-DEE53B19A4F5}.Release|Any CPU.Build.0 = Release|Any CPU
		{3767CEB8-84A7-4045-B05D-C413724E1B34}.Debug|Any CPU.ActiveCfg = Debug|Any CPU
		{3767CEB8-84A7-4045-B05D-C413724E1B34}.Debug|Any CPU.Build.0 = Debug|Any CPU
		{3767CEB8-84A7-4045-B05D-C413724E1B34}.Release|Any CPU.ActiveCfg = Release|Any CPU
		{3767CEB8-84A7-4045-B05D-C413724E1B34}.Release|Any CPU.Build.0 = Release|Any CPU
		{D06784C4-B67C-4247-AA21-65B4FB60A2CA}.Debug|Any CPU.ActiveCfg = Debug|Any CPU
		{D06784C4-B67C-4247-AA21-65B4FB60A2CA}.Debug|Any CPU.Build.0 = Debug|Any CPU
		{D06784C4-B67C-4247-AA21-65B4FB60A2CA}.Release|Any CPU.ActiveCfg = Release|Any CPU
		{D06784C4-B67C-4247-AA21-65B4FB60A2CA}.Release|Any CPU.Build.0 = Release|Any CPU
		{6CD769BA-6E50-4A99-B771-AF2DCD52A878}.Debug|Any CPU.ActiveCfg = Debug|Any CPU
		{6CD769BA-6E50-4A99-B771-AF2DCD52A878}.Debug|Any CPU.Build.0 = Debug|Any CPU
		{6CD769BA-6E50-4A99-B771-AF2DCD52A878}.Release|Any CPU.ActiveCfg = Release|Any CPU
		{6CD769BA-6E50-4A99-B771-AF2DCD52A878}.Release|Any CPU.Build.0 = Release|Any CPU
		{6E3C9636-F0AB-4EC4-A331-660322C150A2}.Debug|Any CPU.ActiveCfg = Debug|Any CPU
		{6E3C9636-F0AB-4EC4-A331-660322C150A2}.Debug|Any CPU.Build.0 = Debug|Any CPU
		{6E3C9636-F0AB-4EC4-A331-660322C150A2}.Release|Any CPU.ActiveCfg = Release|Any CPU
		{6E3C9636-F0AB-4EC4-A331-660322C150A2}.Release|Any CPU.Build.0 = Release|Any CPU
	EndGlobalSection
	GlobalSection(SolutionProperties) = preSolution
		HideSolutionNode = FALSE
	EndGlobalSection
	GlobalSection(ExtensibilityGlobals) = postSolution
		SolutionGuid = {0D2A28A4-A5F0-42C8-AA24-466C21164CCA}
	EndGlobalSection
EndGlobal
