
Microsoft Visual Studio Solution File, Format Version 12.00
# Visual Studio Version 16
VisualStudioVersion = 16.0.30413.136
MinimumVisualStudioVersion = 10.0.40219.1
Project("{9A19103F-16F7-4668-BE54-9A1E7A4F7556}") = "01. Odd Lines", "..\01. Odd Lines\01. Odd Lines.csproj", "{59B7E4A9-0757-4152-8D29-2B40D8923B6B}"
EndProject
Project("{9A19103F-16F7-4668-BE54-9A1E7A4F7556}") = "02. Line Numbers", "..\02. Line Numbers\02. Line Numbers.csproj", "{226FBED1-92EC-4E9A-A4DF-67411C47DC5D}"
EndProject
Project("{9A19103F-16F7-4668-BE54-9A1E7A4F7556}") = "03. Word Count", "..\03. Word Count\03. Word Count.csproj", "{E02ED7EE-D77C-4CFB-820B-2619BF97AC12}"
EndProject
Project("{FAE04EC0-301F-11D3-BF4B-00C04F79EFBC}") = "04. Merge Files", "04. Merge Files\04. Merge Files.csproj", "{EC580F25-9FE4-40D7-BACA-E18A887206CC}"
EndProject
Project("{FAE04EC0-301F-11D3-BF4B-00C04F79EFBC}") = "05. Slice File", "05. Slice File\05. Slice File.csproj", "{38414B10-9136-4ECF-9771-9AE35669631B}"
EndProject
Project("{FAE04EC0-301F-11D3-BF4B-00C04F79EFBC}") = "06. Folder Size", "06. Folder Size\06. Folder Size.csproj", "{08BCEB7A-7342-4753-8D0A-C66965F5BF9E}"
EndProject
Global
	GlobalSection(SolutionConfigurationPlatforms) = preSolution
		Debug|Any CPU = Debug|Any CPU
		Release|Any CPU = Release|Any CPU
	EndGlobalSection
	GlobalSection(ProjectConfigurationPlatforms) = postSolution
		{59B7E4A9-0757-4152-8D29-2B40D8923B6B}.Debug|Any CPU.ActiveCfg = Debug|Any CPU
		{59B7E4A9-0757-4152-8D29-2B40D8923B6B}.Debug|Any CPU.Build.0 = Debug|Any CPU
		{59B7E4A9-0757-4152-8D29-2B40D8923B6B}.Release|Any CPU.ActiveCfg = Release|Any CPU
		{59B7E4A9-0757-4152-8D29-2B40D8923B6B}.Release|Any CPU.Build.0 = Release|Any CPU
		{226FBED1-92EC-4E9A-A4DF-67411C47DC5D}.Debug|Any CPU.ActiveCfg = Debug|Any CPU
		{226FBED1-92EC-4E9A-A4DF-67411C47DC5D}.Debug|Any CPU.Build.0 = Debug|Any CPU
		{226FBED1-92EC-4E9A-A4DF-67411C47DC5D}.Release|Any CPU.ActiveCfg = Release|Any CPU
		{226FBED1-92EC-4E9A-A4DF-67411C47DC5D}.Release|Any CPU.Build.0 = Release|Any CPU
		{E02ED7EE-D77C-4CFB-820B-2619BF97AC12}.Debug|Any CPU.ActiveCfg = Debug|Any CPU
		{E02ED7EE-D77C-4CFB-820B-2619BF97AC12}.Debug|Any CPU.Build.0 = Debug|Any CPU
		{E02ED7EE-D77C-4CFB-820B-2619BF97AC12}.Release|Any CPU.ActiveCfg = Release|Any CPU
		{E02ED7EE-D77C-4CFB-820B-2619BF97AC12}.Release|Any CPU.Build.0 = Release|Any CPU
		{EC580F25-9FE4-40D7-BACA-E18A887206CC}.Debug|Any CPU.ActiveCfg = Debug|Any CPU
		{EC580F25-9FE4-40D7-BACA-E18A887206CC}.Debug|Any CPU.Build.0 = Debug|Any CPU
		{EC580F25-9FE4-40D7-BACA-E18A887206CC}.Release|Any CPU.ActiveCfg = Release|Any CPU
		{EC580F25-9FE4-40D7-BACA-E18A887206CC}.Release|Any CPU.Build.0 = Release|Any CPU
		{38414B10-9136-4ECF-9771-9AE35669631B}.Debug|Any CPU.ActiveCfg = Debug|Any CPU
		{38414B10-9136-4ECF-9771-9AE35669631B}.Debug|Any CPU.Build.0 = Debug|Any CPU
		{38414B10-9136-4ECF-9771-9AE35669631B}.Release|Any CPU.ActiveCfg = Release|Any CPU
		{38414B10-9136-4ECF-9771-9AE35669631B}.Release|Any CPU.Build.0 = Release|Any CPU
		{08BCEB7A-7342-4753-8D0A-C66965F5BF9E}.Debug|Any CPU.ActiveCfg = Debug|Any CPU
		{08BCEB7A-7342-4753-8D0A-C66965F5BF9E}.Debug|Any CPU.Build.0 = Debug|Any CPU
		{08BCEB7A-7342-4753-8D0A-C66965F5BF9E}.Release|Any CPU.ActiveCfg = Release|Any CPU
		{08BCEB7A-7342-4753-8D0A-C66965F5BF9E}.Release|Any CPU.Build.0 = Release|Any CPU
	EndGlobalSection
	GlobalSection(SolutionProperties) = preSolution
		HideSolutionNode = FALSE
	EndGlobalSection
	GlobalSection(ExtensibilityGlobals) = postSolution
		SolutionGuid = {C092D694-07B9-445E-8371-18C8D7F1A406}
	EndGlobalSection
EndGlobal
