
Microsoft Visual Studio Solution File, Format Version 12.00
# Visual Studio Version 16
VisualStudioVersion = 16.0.30611.23
MinimumVisualStudioVersion = 10.0.40219.1
Project("{9A19103F-16F7-4668-BE54-9A1E7A4F7556}") = "AnimalFarm", "AnimalFarm\AnimalFarm.csproj", "{9F3A2AD9-BD29-4728-B2DE-DF94C86E5B2B}"
EndProject
Project("{FAE04EC0-301F-11D3-BF4B-00C04F79EFBC}") = "BoxData", "1. Class Box Data\BoxData.csproj", "{3D95E7B3-7F24-4D34-9CE9-433DFBB97C65}"
EndProject
Project("{FAE04EC0-301F-11D3-BF4B-00C04F79EFBC}") = "ShoppingSpree", "ShoppingSpree\ShoppingSpree.csproj", "{323FC718-B868-417C-8B25-04C1F11237A4}"
EndProject
Project("{FAE04EC0-301F-11D3-BF4B-00C04F79EFBC}") = "PizzaCalories", "PizzaCalories\PizzaCalories.csproj", "{A6F288F4-4AE5-45F3-A888-00E30E4F7BEA}"
EndProject
Project("{FAE04EC0-301F-11D3-BF4B-00C04F79EFBC}") = "FootballTeamGenerator", "FootballTeamGenerator\FootballTeamGenerator.csproj", "{6E9A6286-9415-458F-9E42-AE4032707F72}"
EndProject
Global
	GlobalSection(SolutionConfigurationPlatforms) = preSolution
		Debug|Any CPU = Debug|Any CPU
		Release|Any CPU = Release|Any CPU
	EndGlobalSection
	GlobalSection(ProjectConfigurationPlatforms) = postSolution
		{9F3A2AD9-BD29-4728-B2DE-DF94C86E5B2B}.Debug|Any CPU.ActiveCfg = Debug|Any CPU
		{9F3A2AD9-BD29-4728-B2DE-DF94C86E5B2B}.Debug|Any CPU.Build.0 = Debug|Any CPU
		{9F3A2AD9-BD29-4728-B2DE-DF94C86E5B2B}.Release|Any CPU.ActiveCfg = Release|Any CPU
		{9F3A2AD9-BD29-4728-B2DE-DF94C86E5B2B}.Release|Any CPU.Build.0 = Release|Any CPU
		{3D95E7B3-7F24-4D34-9CE9-433DFBB97C65}.Debug|Any CPU.ActiveCfg = Debug|Any CPU
		{3D95E7B3-7F24-4D34-9CE9-433DFBB97C65}.Debug|Any CPU.Build.0 = Debug|Any CPU
		{3D95E7B3-7F24-4D34-9CE9-433DFBB97C65}.Release|Any CPU.ActiveCfg = Release|Any CPU
		{3D95E7B3-7F24-4D34-9CE9-433DFBB97C65}.Release|Any CPU.Build.0 = Release|Any CPU
		{323FC718-B868-417C-8B25-04C1F11237A4}.Debug|Any CPU.ActiveCfg = Debug|Any CPU
		{323FC718-B868-417C-8B25-04C1F11237A4}.Debug|Any CPU.Build.0 = Debug|Any CPU
		{323FC718-B868-417C-8B25-04C1F11237A4}.Release|Any CPU.ActiveCfg = Release|Any CPU
		{323FC718-B868-417C-8B25-04C1F11237A4}.Release|Any CPU.Build.0 = Release|Any CPU
		{A6F288F4-4AE5-45F3-A888-00E30E4F7BEA}.Debug|Any CPU.ActiveCfg = Debug|Any CPU
		{A6F288F4-4AE5-45F3-A888-00E30E4F7BEA}.Debug|Any CPU.Build.0 = Debug|Any CPU
		{A6F288F4-4AE5-45F3-A888-00E30E4F7BEA}.Release|Any CPU.ActiveCfg = Release|Any CPU
		{A6F288F4-4AE5-45F3-A888-00E30E4F7BEA}.Release|Any CPU.Build.0 = Release|Any CPU
		{6E9A6286-9415-458F-9E42-AE4032707F72}.Debug|Any CPU.ActiveCfg = Debug|Any CPU
		{6E9A6286-9415-458F-9E42-AE4032707F72}.Debug|Any CPU.Build.0 = Debug|Any CPU
		{6E9A6286-9415-458F-9E42-AE4032707F72}.Release|Any CPU.ActiveCfg = Release|Any CPU
		{6E9A6286-9415-458F-9E42-AE4032707F72}.Release|Any CPU.Build.0 = Release|Any CPU
	EndGlobalSection
	GlobalSection(SolutionProperties) = preSolution
		HideSolutionNode = FALSE
	EndGlobalSection
	GlobalSection(ExtensibilityGlobals) = postSolution
		SolutionGuid = {16C6B5F8-9855-4B2E-9C91-D9E4C8A8FC04}
	EndGlobalSection
EndGlobal
