
Microsoft Visual Studio Solution File, Format Version 12.00
# Visual Studio Version 16
VisualStudioVersion = 16.0.30621.155
MinimumVisualStudioVersion = 10.0.40219.1
Project("{FAE04EC0-301F-11D3-BF4B-00C04F79EFBC}") = "Vehicles", "Vehicles\Vehicles.csproj", "{247E9E41-A35A-48A4-A485-5A40902BB5C8}"
EndProject
Project("{FAE04EC0-301F-11D3-BF4B-00C04F79EFBC}") = "Raiding", "Raiding\Raiding.csproj", "{69D7D28C-63BE-4EAD-B70A-D7B8D710D815}"
EndProject
Project("{FAE04EC0-301F-11D3-BF4B-00C04F79EFBC}") = "WildFarm", "WildFarm\WildFarm.csproj", "{D522DA4A-D4CB-419A-962F-6643BAA96143}"
EndProject
Global
	GlobalSection(SolutionConfigurationPlatforms) = preSolution
		Debug|Any CPU = Debug|Any CPU
		Release|Any CPU = Release|Any CPU
	EndGlobalSection
	GlobalSection(ProjectConfigurationPlatforms) = postSolution
		{247E9E41-A35A-48A4-A485-5A40902BB5C8}.Debug|Any CPU.ActiveCfg = Debug|Any CPU
		{247E9E41-A35A-48A4-A485-5A40902BB5C8}.Debug|Any CPU.Build.0 = Debug|Any CPU
		{247E9E41-A35A-48A4-A485-5A40902BB5C8}.Release|Any CPU.ActiveCfg = Release|Any CPU
		{247E9E41-A35A-48A4-A485-5A40902BB5C8}.Release|Any CPU.Build.0 = Release|Any CPU
		{69D7D28C-63BE-4EAD-B70A-D7B8D710D815}.Debug|Any CPU.ActiveCfg = Debug|Any CPU
		{69D7D28C-63BE-4EAD-B70A-D7B8D710D815}.Debug|Any CPU.Build.0 = Debug|Any CPU
		{69D7D28C-63BE-4EAD-B70A-D7B8D710D815}.Release|Any CPU.ActiveCfg = Release|Any CPU
		{69D7D28C-63BE-4EAD-B70A-D7B8D710D815}.Release|Any CPU.Build.0 = Release|Any CPU
		{D522DA4A-D4CB-419A-962F-6643BAA96143}.Debug|Any CPU.ActiveCfg = Debug|Any CPU
		{D522DA4A-D4CB-419A-962F-6643BAA96143}.Debug|Any CPU.Build.0 = Debug|Any CPU
		{D522DA4A-D4CB-419A-962F-6643BAA96143}.Release|Any CPU.ActiveCfg = Release|Any CPU
		{D522DA4A-D4CB-419A-962F-6643BAA96143}.Release|Any CPU.Build.0 = Release|Any CPU
	EndGlobalSection
	GlobalSection(SolutionProperties) = preSolution
		HideSolutionNode = FALSE
	EndGlobalSection
	GlobalSection(ExtensibilityGlobals) = postSolution
		SolutionGuid = {F24CE7AC-DF51-4C86-AD88-996936F2C9D2}
	EndGlobalSection
EndGlobal
