
Microsoft Visual Studio Solution File, Format Version 12.00
# Visual Studio Version 16
VisualStudioVersion = 16.0.30523.141
MinimumVisualStudioVersion = 10.0.40219.1
Project("{FAE04EC0-301F-11D3-BF4B-00C04F79EFBC}") = "Bombs", "Bombs\Bombs.csproj", "{2049F75F-383E-4C3D-8171-7209222364B7}"
EndProject
Project("{FAE04EC0-301F-11D3-BF4B-00C04F79EFBC}") = "Snake", "Snake\Snake.csproj", "{147B2EE7-258A-4A3F-BFF9-F6870FEF7751}"
EndProject
Project("{9A19103F-16F7-4668-BE54-9A1E7A4F7556}") = "Parking", "Parking\Parking\Parking\Parking.csproj", "{F40EFE4B-6493-4A88-82E3-CE1B64BBC1B7}"
EndProject
Global
	GlobalSection(SolutionConfigurationPlatforms) = preSolution
		Debug|Any CPU = Debug|Any CPU
		Release|Any CPU = Release|Any CPU
	EndGlobalSection
	GlobalSection(ProjectConfigurationPlatforms) = postSolution
		{2049F75F-383E-4C3D-8171-7209222364B7}.Debug|Any CPU.ActiveCfg = Debug|Any CPU
		{2049F75F-383E-4C3D-8171-7209222364B7}.Debug|Any CPU.Build.0 = Debug|Any CPU
		{2049F75F-383E-4C3D-8171-7209222364B7}.Release|Any CPU.ActiveCfg = Release|Any CPU
		{2049F75F-383E-4C3D-8171-7209222364B7}.Release|Any CPU.Build.0 = Release|Any CPU
		{147B2EE7-258A-4A3F-BFF9-F6870FEF7751}.Debug|Any CPU.ActiveCfg = Debug|Any CPU
		{147B2EE7-258A-4A3F-BFF9-F6870FEF7751}.Debug|Any CPU.Build.0 = Debug|Any CPU
		{147B2EE7-258A-4A3F-BFF9-F6870FEF7751}.Release|Any CPU.ActiveCfg = Release|Any CPU
		{147B2EE7-258A-4A3F-BFF9-F6870FEF7751}.Release|Any CPU.Build.0 = Release|Any CPU
		{F40EFE4B-6493-4A88-82E3-CE1B64BBC1B7}.Debug|Any CPU.ActiveCfg = Debug|Any CPU
		{F40EFE4B-6493-4A88-82E3-CE1B64BBC1B7}.Debug|Any CPU.Build.0 = Debug|Any CPU
		{F40EFE4B-6493-4A88-82E3-CE1B64BBC1B7}.Release|Any CPU.ActiveCfg = Release|Any CPU
		{F40EFE4B-6493-4A88-82E3-CE1B64BBC1B7}.Release|Any CPU.Build.0 = Release|Any CPU
	EndGlobalSection
	GlobalSection(SolutionProperties) = preSolution
		HideSolutionNode = FALSE
	EndGlobalSection
	GlobalSection(ExtensibilityGlobals) = postSolution
		SolutionGuid = {DE8B84C5-259D-47FF-A2EF-2A788251B5B7}
	EndGlobalSection
EndGlobal
