
Microsoft Visual Studio Solution File, Format Version 12.00
# Visual Studio Version 16
VisualStudioVersion = 16.0.30523.141
MinimumVisualStudioVersion = 10.0.40219.1
Project("{9A19103F-16F7-4668-BE54-9A1E7A4F7556}") = "CustomList", "Workshop - CustomList and Stack\CustomList.csproj", "{B7A9582E-7758-414B-9124-32AA464939A1}"
EndProject
Project("{FAE04EC0-301F-11D3-BF4B-00C04F79EFBC}") = "CustomStack", "CustomStack\CustomStack.csproj", "{DCFABE48-EC00-42BC-8B40-EFAB839C9AE3}"
EndProject
Global
	GlobalSection(SolutionConfigurationPlatforms) = preSolution
		Debug|Any CPU = Debug|Any CPU
		Release|Any CPU = Release|Any CPU
	EndGlobalSection
	GlobalSection(ProjectConfigurationPlatforms) = postSolution
		{B7A9582E-7758-414B-9124-32AA464939A1}.Debug|Any CPU.ActiveCfg = Debug|Any CPU
		{B7A9582E-7758-414B-9124-32AA464939A1}.Debug|Any CPU.Build.0 = Debug|Any CPU
		{B7A9582E-7758-414B-9124-32AA464939A1}.Release|Any CPU.ActiveCfg = Release|Any CPU
		{B7A9582E-7758-414B-9124-32AA464939A1}.Release|Any CPU.Build.0 = Release|Any CPU
		{DCFABE48-EC00-42BC-8B40-EFAB839C9AE3}.Debug|Any CPU.ActiveCfg = Debug|Any CPU
		{DCFABE48-EC00-42BC-8B40-EFAB839C9AE3}.Debug|Any CPU.Build.0 = Debug|Any CPU
		{DCFABE48-EC00-42BC-8B40-EFAB839C9AE3}.Release|Any CPU.ActiveCfg = Release|Any CPU
		{DCFABE48-EC00-42BC-8B40-EFAB839C9AE3}.Release|Any CPU.Build.0 = Release|Any CPU
	EndGlobalSection
	GlobalSection(SolutionProperties) = preSolution
		HideSolutionNode = FALSE
	EndGlobalSection
	GlobalSection(ExtensibilityGlobals) = postSolution
		SolutionGuid = {C93C3F32-2420-49E2-A9ED-D943C0E047BB}
	EndGlobalSection
EndGlobal
