
Microsoft Visual Studio Solution File, Format Version 12.00
# Visual Studio Version 16
VisualStudioVersion = 16.0.30413.136
MinimumVisualStudioVersion = 10.0.40219.1
Project("{FAE04EC0-301F-11D3-BF4B-00C04F79EFBC}") = "1. Diagonal Difference", "1. Diagonal Difference\1. Diagonal Difference.csproj", "{8574B9E3-C450-4082-B322-C800AFA1583A}"
EndProject
Project("{FAE04EC0-301F-11D3-BF4B-00C04F79EFBC}") = "2. Squares in Matrix", "2. Squares in Matrix\2. Squares in Matrix.csproj", "{4884C2E6-3E59-4CDC-B879-60C4859BC41C}"
EndProject
Project("{FAE04EC0-301F-11D3-BF4B-00C04F79EFBC}") = "3. Maximal Sum", "3. Maximal Sum\3. Maximal Sum.csproj", "{FED170F7-07D8-40FD-951D-DDCEA3A6C347}"
EndProject
Project("{FAE04EC0-301F-11D3-BF4B-00C04F79EFBC}") = "4. Matrix Shuffling", "4. Matrix Shuffling\4. Matrix Shuffling.csproj", "{2CF8ECC2-86B7-44B6-B661-9F1809067C6F}"
EndProject
Global
	GlobalSection(SolutionConfigurationPlatforms) = preSolution
		Debug|Any CPU = Debug|Any CPU
		Release|Any CPU = Release|Any CPU
	EndGlobalSection
	GlobalSection(ProjectConfigurationPlatforms) = postSolution
		{8574B9E3-C450-4082-B322-C800AFA1583A}.Debug|Any CPU.ActiveCfg = Debug|Any CPU
		{8574B9E3-C450-4082-B322-C800AFA1583A}.Debug|Any CPU.Build.0 = Debug|Any CPU
		{8574B9E3-C450-4082-B322-C800AFA1583A}.Release|Any CPU.ActiveCfg = Release|Any CPU
		{8574B9E3-C450-4082-B322-C800AFA1583A}.Release|Any CPU.Build.0 = Release|Any CPU
		{4884C2E6-3E59-4CDC-B879-60C4859BC41C}.Debug|Any CPU.ActiveCfg = Debug|Any CPU
		{4884C2E6-3E59-4CDC-B879-60C4859BC41C}.Debug|Any CPU.Build.0 = Debug|Any CPU
		{4884C2E6-3E59-4CDC-B879-60C4859BC41C}.Release|Any CPU.ActiveCfg = Release|Any CPU
		{4884C2E6-3E59-4CDC-B879-60C4859BC41C}.Release|Any CPU.Build.0 = Release|Any CPU
		{FED170F7-07D8-40FD-951D-DDCEA3A6C347}.Debug|Any CPU.ActiveCfg = Debug|Any CPU
		{FED170F7-07D8-40FD-951D-DDCEA3A6C347}.Debug|Any CPU.Build.0 = Debug|Any CPU
		{FED170F7-07D8-40FD-951D-DDCEA3A6C347}.Release|Any CPU.ActiveCfg = Release|Any CPU
		{FED170F7-07D8-40FD-951D-DDCEA3A6C347}.Release|Any CPU.Build.0 = Release|Any CPU
		{2CF8ECC2-86B7-44B6-B661-9F1809067C6F}.Debug|Any CPU.ActiveCfg = Debug|Any CPU
		{2CF8ECC2-86B7-44B6-B661-9F1809067C6F}.Debug|Any CPU.Build.0 = Debug|Any CPU
		{2CF8ECC2-86B7-44B6-B661-9F1809067C6F}.Release|Any CPU.ActiveCfg = Release|Any CPU
		{2CF8ECC2-86B7-44B6-B661-9F1809067C6F}.Release|Any CPU.Build.0 = Release|Any CPU
	EndGlobalSection
	GlobalSection(SolutionProperties) = preSolution
		HideSolutionNode = FALSE
	EndGlobalSection
	GlobalSection(ExtensibilityGlobals) = postSolution
		SolutionGuid = {7C5C4803-5C56-455F-9597-8E074B896BB8}
	EndGlobalSection
EndGlobal
