
Microsoft Visual Studio Solution File, Format Version 12.00
# Visual Studio Version 16
VisualStudioVersion = 16.0.30413.136
MinimumVisualStudioVersion = 10.0.40219.1
Project("{9A19103F-16F7-4668-BE54-9A1E7A4F7556}") = "1. Diagonal Difference", "1. Diagonal Difference\1. Diagonal Difference.csproj", "{8574B9E3-C450-4082-B322-C800AFA1583A}"
EndProject
Project("{9A19103F-16F7-4668-BE54-9A1E7A4F7556}") = "2. Squares in Matrix", "2. Squares in Matrix\2. Squares in Matrix.csproj", "{4884C2E6-3E59-4CDC-B879-60C4859BC41C}"
EndProject
Project("{9A19103F-16F7-4668-BE54-9A1E7A4F7556}") = "3. Maximal Sum", "3. Maximal Sum\3. Maximal Sum.csproj", "{FED170F7-07D8-40FD-951D-DDCEA3A6C347}"
EndProject
Project("{9A19103F-16F7-4668-BE54-9A1E7A4F7556}") = "4. Matrix Shuffling", "4. Matrix Shuffling\4. Matrix Shuffling.csproj", "{2CF8ECC2-86B7-44B6-B661-9F1809067C6F}"
EndProject
Project("{9A19103F-16F7-4668-BE54-9A1E7A4F7556}") = "5. Snake Moves", "5. Snake Moves\5. Snake Moves.csproj", "{E486738A-2790-4397-96A5-6D316685B010}"
EndProject
Project("{9A19103F-16F7-4668-BE54-9A1E7A4F7556}") = "6. Jagged Array Manipulator", "6. Jagged Array Manipulator\6. Jagged Array Manipulator.csproj", "{CC505DC0-4825-4CEA-8FDE-CC620ED76270}"
EndProject
Project("{9A19103F-16F7-4668-BE54-9A1E7A4F7556}") = "7. Knight Game", "7. Knight Game\7. Knight Game.csproj", "{F04BC999-DC41-49DB-8A74-0C01095685B2}"
EndProject
Project("{9A19103F-16F7-4668-BE54-9A1E7A4F7556}") = "8. Bombs", "8. Bombs\8. Bombs.csproj", "{19C11E0F-832A-463C-804F-9F8B7DA8E5D5}"
EndProject
Project("{9A19103F-16F7-4668-BE54-9A1E7A4F7556}") = "9. Miner", "9. Miner\9. Miner.csproj", "{6348D29A-6B1A-40C7-9E31-97C42A22BE54}"
EndProject
Project("{FAE04EC0-301F-11D3-BF4B-00C04F79EFBC}") = "10. Radioactive Mutant Vampire Bunnies", "10. Radioactive Mutant Vampire Bunnies\10. Radioactive Mutant Vampire Bunnies.csproj", "{A6FE0372-6220-4624-9AB9-0478E8C89A75}"
EndProject
Global
	GlobalSection(SolutionConfigurationPlatforms) = preSolution
		Debug|Any CPU = Debug|Any CPU
		Release|Any CPU = Release|Any CPU
	EndGlobalSection
	GlobalSection(ProjectConfigurationPlatforms) = postSolution
		{8574B9E3-C450-4082-B322-C800AFA1583A}.Debug|Any CPU.ActiveCfg = Debug|Any CPU
		{8574B9E3-C450-4082-B322-C800AFA1583A}.Debug|Any CPU.Build.0 = Debug|Any CPU
		{8574B9E3-C450-4082-B322-C800AFA1583A}.Release|Any CPU.ActiveCfg = Release|Any CPU
		{8574B9E3-C450-4082-B322-C800AFA1583A}.Release|Any CPU.Build.0 = Release|Any CPU
		{4884C2E6-3E59-4CDC-B879-60C4859BC41C}.Debug|Any CPU.ActiveCfg = Debug|Any CPU
		{4884C2E6-3E59-4CDC-B879-60C4859BC41C}.Debug|Any CPU.Build.0 = Debug|Any CPU
		{4884C2E6-3E59-4CDC-B879-60C4859BC41C}.Release|Any CPU.ActiveCfg = Release|Any CPU
		{4884C2E6-3E59-4CDC-B879-60C4859BC41C}.Release|Any CPU.Build.0 = Release|Any CPU
		{FED170F7-07D8-40FD-951D-DDCEA3A6C347}.Debug|Any CPU.ActiveCfg = Debug|Any CPU
		{FED170F7-07D8-40FD-951D-DDCEA3A6C347}.Debug|Any CPU.Build.0 = Debug|Any CPU
		{FED170F7-07D8-40FD-951D-DDCEA3A6C347}.Release|Any CPU.ActiveCfg = Release|Any CPU
		{FED170F7-07D8-40FD-951D-DDCEA3A6C347}.Release|Any CPU.Build.0 = Release|Any CPU
		{2CF8ECC2-86B7-44B6-B661-9F1809067C6F}.Debug|Any CPU.ActiveCfg = Debug|Any CPU
		{2CF8ECC2-86B7-44B6-B661-9F1809067C6F}.Debug|Any CPU.Build.0 = Debug|Any CPU
		{2CF8ECC2-86B7-44B6-B661-9F1809067C6F}.Release|Any CPU.ActiveCfg = Release|Any CPU
		{2CF8ECC2-86B7-44B6-B661-9F1809067C6F}.Release|Any CPU.Build.0 = Release|Any CPU
		{E486738A-2790-4397-96A5-6D316685B010}.Debug|Any CPU.ActiveCfg = Debug|Any CPU
		{E486738A-2790-4397-96A5-6D316685B010}.Debug|Any CPU.Build.0 = Debug|Any CPU
		{E486738A-2790-4397-96A5-6D316685B010}.Release|Any CPU.ActiveCfg = Release|Any CPU
		{E486738A-2790-4397-96A5-6D316685B010}.Release|Any CPU.Build.0 = Release|Any CPU
		{CC505DC0-4825-4CEA-8FDE-CC620ED76270}.Debug|Any CPU.ActiveCfg = Debug|Any CPU
		{CC505DC0-4825-4CEA-8FDE-CC620ED76270}.Debug|Any CPU.Build.0 = Debug|Any CPU
		{CC505DC0-4825-4CEA-8FDE-CC620ED76270}.Release|Any CPU.ActiveCfg = Release|Any CPU
		{CC505DC0-4825-4CEA-8FDE-CC620ED76270}.Release|Any CPU.Build.0 = Release|Any CPU
		{F04BC999-DC41-49DB-8A74-0C01095685B2}.Debug|Any CPU.ActiveCfg = Debug|Any CPU
		{F04BC999-DC41-49DB-8A74-0C01095685B2}.Debug|Any CPU.Build.0 = Debug|Any CPU
		{F04BC999-DC41-49DB-8A74-0C01095685B2}.Release|Any CPU.ActiveCfg = Release|Any CPU
		{F04BC999-DC41-49DB-8A74-0C01095685B2}.Release|Any CPU.Build.0 = Release|Any CPU
		{19C11E0F-832A-463C-804F-9F8B7DA8E5D5}.Debug|Any CPU.ActiveCfg = Debug|Any CPU
		{19C11E0F-832A-463C-804F-9F8B7DA8E5D5}.Debug|Any CPU.Build.0 = Debug|Any CPU
		{19C11E0F-832A-463C-804F-9F8B7DA8E5D5}.Release|Any CPU.ActiveCfg = Release|Any CPU
		{19C11E0F-832A-463C-804F-9F8B7DA8E5D5}.Release|Any CPU.Build.0 = Release|Any CPU
		{6348D29A-6B1A-40C7-9E31-97C42A22BE54}.Debug|Any CPU.ActiveCfg = Debug|Any CPU
		{6348D29A-6B1A-40C7-9E31-97C42A22BE54}.Debug|Any CPU.Build.0 = Debug|Any CPU
		{6348D29A-6B1A-40C7-9E31-97C42A22BE54}.Release|Any CPU.ActiveCfg = Release|Any CPU
		{6348D29A-6B1A-40C7-9E31-97C42A22BE54}.Release|Any CPU.Build.0 = Release|Any CPU
		{A6FE0372-6220-4624-9AB9-0478E8C89A75}.Debug|Any CPU.ActiveCfg = Debug|Any CPU
		{A6FE0372-6220-4624-9AB9-0478E8C89A75}.Debug|Any CPU.Build.0 = Debug|Any CPU
		{A6FE0372-6220-4624-9AB9-0478E8C89A75}.Release|Any CPU.ActiveCfg = Release|Any CPU
		{A6FE0372-6220-4624-9AB9-0478E8C89A75}.Release|Any CPU.Build.0 = Release|Any CPU
	EndGlobalSection
	GlobalSection(SolutionProperties) = preSolution
		HideSolutionNode = FALSE
	EndGlobalSection
	GlobalSection(ExtensibilityGlobals) = postSolution
		SolutionGuid = {7C5C4803-5C56-455F-9597-8E074B896BB8}
	EndGlobalSection
EndGlobal
